{
  "name": "mock-identity-provider-server",
  "version": "0.0.0",
  "lockfileVersion": 2,
  "requires": true,
  "packages": {
    "": {
      "name": "mock-identity-provider-server",
      "version": "0.0.0",
      "dependencies": {
        "@mongodb-js/oidc-mock-provider": "^0.5.0"
      }
    },
    "node_modules/@mongodb-js/oidc-mock-provider": {
      "version": "0.5.0",
      "resolved": "https://registry.npmjs.org/@mongodb-js/oidc-mock-provider/-/oidc-mock-provider-0.5.0.tgz",
      "integrity": "sha512-Lw+BpuJwmgNTRaoz+2XzNKXlZ4EZV6Tci4d6jX39mTc7dZsOeveyT2IZ6cxxMd6yawwqgFO6w6T5v1TH46xIqQ=="
    }
  },
  "dependencies": {
    "@mongodb-js/oidc-mock-provider": {
      "version": "0.5.0",
      "resolved": "https://registry.npmjs.org/@mongodb-js/oidc-mock-provider/-/oidc-mock-provider-0.5.0.tgz",
      "integrity": "sha512-Lw+BpuJwmgNTRaoz+2XzNKXlZ4EZV6Tci4d6jX39mTc7dZsOeveyT2IZ6cxxMd6yawwqgFO6w6T5v1TH46xIqQ=="
    }
  }
}
